// !$*UTF8*$!
{
	archiveVersion = 1;
	classes = {
	};
	objectVersion = 46;
	objects = {

/* Begin PBXBuildFile section */
		04D495850507F0B9CEB17398 /* Pods_tabBarSideMenu.framework in Frameworks */ = {isa = PBXBuildFile; fileRef = 0D77F61515E1B38A8BB5EE4B /* Pods_tabBarSideMenu.framework */; };
		C28158A61EFBA338000B7EB3 /* AppDelegate.swift in Sources */ = {isa = PBXBuildFile; fileRef = C28158A51EFBA338000B7EB3 /* AppDelegate.swift */; };
		C28158A81EFBA338000B7EB3 /* FirstViewController.swift in Sources */ = {isa = PBXBuildFile; fileRef = C28158A71EFBA338000B7EB3 /* FirstViewController.swift */; };
		C28158AA1EFBA338000B7EB3 /* SecondViewController.swift in Sources */ = {isa = PBXBuildFile; fileRef = C28158A91EFBA338000B7EB3 /* SecondViewController.swift */; };
		C28158AD1EFBA338000B7EB3 /* Main.storyboard in Resources */ = {isa = PBXBuildFile; fileRef = C28158AB1EFBA338000B7EB3 /* Main.storyboard */; };
		C28158AF1EFBA338000B7EB3 /* Assets.xcassets in Resources */ = {isa = PBXBuildFile; fileRef = C28158AE1EFBA338000B7EB3 /* Assets.xcassets */; };
		C28158B21EFBA338000B7EB3 /* LaunchScreen.storyboard in Resources */ = {isa = PBXBuildFile; fileRef = C28158B01EFBA338000B7EB3 /* LaunchScreen.storyboard */; };
		C28158BA1EFBA494000B7EB3 /* sideMenuVC.swift in Sources */ = {isa = PBXBuildFile; fileRef = C28158B91EFBA494000B7EB3 /* sideMenuVC.swift */; };
		C28158BC1EFBA855000B7EB3 /* HomeViewController.swift in Sources */ = {isa = PBXBuildFile; fileRef = C28158BB1EFBA855000B7EB3 /* HomeViewController.swift */; };
		C28158BE1EFBA9D5000B7EB3 /* TabBarViewController.swift in Sources */ = {isa = PBXBuildFile; fileRef = C28158BD1EFBA9D5000B7EB3 /* TabBarViewController.swift */; };
		C28158C01EFBD81B000B7EB3 /* SubView1VC.swift in Sources */ = {isa = PBXBuildFile; fileRef = C28158BF1EFBD81B000B7EB3 /* SubView1VC.swift */; };
		C28158C21EFBD82E000B7EB3 /* SubView2VC.swift in Sources */ = {isa = PBXBuildFile; fileRef = C28158C11EFBD82E000B7EB3 /* SubView2VC.swift */; };
		C28158C51EFBE17F000B7EB3 /* sub2_1VC.swift in Sources */ = {isa = PBXBuildFile; fileRef = C28158C41EFBE17F000B7EB3 /* sub2_1VC.swift */; };
		C28158C71EFBE191000B7EB3 /* sub2_2VC.swift in Sources */ = {isa = PBXBuildFile; fileRef = C28158C61EFBE191000B7EB3 /* sub2_2VC.swift */; };
/* End PBXBuildFile section */

/* Begin PBXFileReference section */
		0D77F61515E1B38A8BB5EE4B /* Pods_tabBarSideMenu.framework */ = {isa = PBXFileReference; explicitFileType = wrapper.framework; includeInIndex = 0; path = Pods_tabBarSideMenu.framework; sourceTree = BUILT_PRODUCTS_DIR; };
		9D9C65C299824B3450F58E9A /* Pods-tabBarSideMenu.debug.xcconfig */ = {isa = PBXFileReference; includeInIndex = 1; lastKnownFileType = text.xcconfig; name = "Pods-tabBarSideMenu.debug.xcconfig"; path = "Pods/Target Support Files/Pods-tabBarSideMenu/Pods-tabBarSideMenu.debug.xcconfig"; sourceTree = "<group>"; };
		B02D4A58FCB62AEC9E37000F /* Pods-tabBarSideMenu.release.xcconfig */ = {isa = PBXFileReference; includeInIndex = 1; lastKnownFileType = text.xcconfig; name = "Pods-tabBarSideMenu.release.xcconfig"; path = "Pods/Target Support Files/Pods-tabBarSideMenu/Pods-tabBarSideMenu.release.xcconfig"; sourceTree = "<group>"; };
		C28158A21EFBA338000B7EB3 /* tabBarSideMenu.app */ = {isa = PBXFileReference; explicitFileType = wrapper.application; includeInIndex = 0; path = tabBarSideMenu.app; sourceTree = BUILT_PRODUCTS_DIR; };
		C28158A51EFBA338000B7EB3 /* AppDelegate.swift */ = {isa = PBXFileReference; lastKnownFileType = sourcecode.swift; path = AppDelegate.swift; sourceTree = "<group>"; };
		C28158A71EFBA338000B7EB3 /* FirstViewController.swift */ = {isa = PBXFileReference; lastKnownFileType = sourcecode.swift; path = FirstViewController.swift; sourceTree = "<group>"; };
		C28158A91EFBA338000B7EB3 /* SecondViewController.swift */ = {isa = PBXFileReference; lastKnownFileType = sourcecode.swift; path = SecondViewController.swift; sourceTree = "<group>"; };
		C28158AC1EFBA338000B7EB3 /* Base */ = {isa = PBXFileReference; lastKnownFileType = file.storyboard; name = Base; path = Base.lproj/Main.storyboard; sourceTree = "<group>"; };
		C28158AE1EFBA338000B7EB3 /* Assets.xcassets */ = {isa = PBXFileReference; lastKnownFileType = folder.assetcatalog; path = Assets.xcassets; sourceTree = "<group>"; };
		C28158B11EFBA338000B7EB3 /* Base */ = {isa = PBXFileReference; lastKnownFileType = file.storyboard; name = Base; path = Base.lproj/LaunchScreen.storyboard; sourceTree = "<group>"; };
		C28158B31EFBA338000B7EB3 /* Info.plist */ = {isa = PBXFileReference; lastKnownFileType = text.plist.xml; path = Info.plist; sourceTree = "<group>"; };
		C28158B91EFBA494000B7EB3 /* sideMenuVC.swift */ = {isa = PBXFileReference; fileEncoding = 4; lastKnownFileType = sourcecode.swift; path = sideMenuVC.swift; sourceTree = "<group>"; };
		C28158BB1EFBA855000B7EB3 /* HomeViewController.swift */ = {isa = PBXFileReference; fileEncoding = 4; lastKnownFileType = sourcecode.swift; path = HomeViewController.swift; sourceTree = "<group>"; };
		C28158BD1EFBA9D5000B7EB3 /* TabBarViewController.swift */ = {isa = PBXFileReference; fileEncoding = 4; lastKnownFileType = sourcecode.swift; path = TabBarViewController.swift; sourceTree = "<group>"; };
		C28158BF1EFBD81B000B7EB3 /* SubView1VC.swift */ = {isa = PBXFileReference; fileEncoding = 4; lastKnownFileType = sourcecode.swift; path = SubView1VC.swift; sourceTree = "<group>"; };
		C28158C11EFBD82E000B7EB3 /* SubView2VC.swift */ = {isa = PBXFileReference; fileEncoding = 4; lastKnownFileType = sourcecode.swift; path = SubView2VC.swift; sourceTree = "<group>"; };
		C28158C41EFBE17F000B7EB3 /* sub2_1VC.swift */ = {isa = PBXFileReference; fileEncoding = 4; lastKnownFileType = sourcecode.swift; path = sub2_1VC.swift; sourceTree = "<group>"; };
		C28158C61EFBE191000B7EB3 /* sub2_2VC.swift */ = {isa = PBXFileReference; fileEncoding = 4; lastKnownFileType = sourcecode.swift; path = sub2_2VC.swift; sourceTree = "<group>"; };
/* End PBXFileReference section */

/* Begin PBXFrameworksBuildPhase section */
		C281589F1EFBA338000B7EB3 /* Frameworks */ = {
			isa = PBXFrameworksBuildPhase;
			buildActionMask = 2147483647;
			files = (
				04D495850507F0B9CEB17398 /* Pods_tabBarSideMenu.framework in Frameworks */,
			);
			runOnlyForDeploymentPostprocessing = 0;
		};
/* End PBXFrameworksBuildPhase section */

/* Begin PBXGroup section */
		18B8D9BE7E40B853727F7258 /* Frameworks */ = {
			isa = PBXGroup;
			children = (
				0D77F61515E1B38A8BB5EE4B /* Pods_tabBarSideMenu.framework */,
			);
			name = Frameworks;
			sourceTree = "<group>";
		};
		21DF6C81961EED3DBDF3466E /* Pods */ = {
			isa = PBXGroup;
			children = (
				9D9C65C299824B3450F58E9A /* Pods-tabBarSideMenu.debug.xcconfig */,
				B02D4A58FCB62AEC9E37000F /* Pods-tabBarSideMenu.release.xcconfig */,
			);
			name = Pods;
			sourceTree = "<group>";
		};
		C28158991EFBA338000B7EB3 = {
			isa = PBXGroup;
			children = (
				C28158A41EFBA338000B7EB3 /* tabBarSideMenu */,
				C28158A31EFBA338000B7EB3 /* Products */,
				21DF6C81961EED3DBDF3466E /* Pods */,
				18B8D9BE7E40B853727F7258 /* Frameworks */,
			);
			sourceTree = "<group>";
		};
		C28158A31EFBA338000B7EB3 /* Products */ = {
			isa = PBXGroup;
			children = (
				C28158A21EFBA338000B7EB3 /* tabBarSideMenu.app */,
			);
			name = Products;
			sourceTree = "<group>";
		};
		C28158A41EFBA338000B7EB3 /* tabBarSideMenu */ = {
			isa = PBXGroup;
			children = (
				C28158A51EFBA338000B7EB3 /* AppDelegate.swift */,
				C28158BB1EFBA855000B7EB3 /* HomeViewController.swift */,
				C28158BD1EFBA9D5000B7EB3 /* TabBarViewController.swift */,
				C28158A71EFBA338000B7EB3 /* FirstViewController.swift */,
				C28158A91EFBA338000B7EB3 /* SecondViewController.swift */,
				C28158B91EFBA494000B7EB3 /* sideMenuVC.swift */,
				C28158AB1EFBA338000B7EB3 /* Main.storyboard */,
				C28158AE1EFBA338000B7EB3 /* Assets.xcassets */,
				C28158B01EFBA338000B7EB3 /* LaunchScreen.storyboard */,
				C28158B31EFBA338000B7EB3 /* Info.plist */,
				C28158BF1EFBD81B000B7EB3 /* SubView1VC.swift */,
				C28158C11EFBD82E000B7EB3 /* SubView2VC.swift */,
				C28158C41EFBE17F000B7EB3 /* sub2_1VC.swift */,
				C28158C61EFBE191000B7EB3 /* sub2_2VC.swift */,
			);
			path = tabBarSideMenu;
			sourceTree = "<group>";
		};
/* End PBXGroup section */

/* Begin PBXNativeTarget section */
		C28158A11EFBA338000B7EB3 /* tabBarSideMenu */ = {
			isa = PBXNativeTarget;
			buildConfigurationList = C28158B61EFBA338000B7EB3 /* Build configuration list for PBXNativeTarget "tabBarSideMenu" */;
			buildPhases = (
				604EF9D77D6D28880C422167 /* [CP] Check Pods Manifest.lock */,
				C281589E1EFBA338000B7EB3 /* Sources */,
				C281589F1EFBA338000B7EB3 /* Frameworks */,
				C28158A01EFBA338000B7EB3 /* Resources */,
				8A3BC83DD813FE4377ED2C38 /* [CP] Embed Pods Frameworks */,
				973D7C038BAF55C0FD938B6E /* [CP] Copy Pods Resources */,
			);
			buildRules = (
			);
			dependencies = (
			);
			name = tabBarSideMenu;
			productName = tabBarSideMenu;
			productReference = C28158A21EFBA338000B7EB3 /* tabBarSideMenu.app */;
			productType = "com.apple.product-type.application";
		};
/* End PBXNativeTarget section */

/* Begin PBXProject section */
		C281589A1EFBA338000B7EB3 /* Project object */ = {
			isa = PBXProject;
			attributes = {
				LastSwiftUpdateCheck = 0820;
				LastUpgradeCheck = 0820;
				ORGANIZATIONNAME = Ascracom.ascratech;
				TargetAttributes = {
					C28158A11EFBA338000B7EB3 = {
						CreatedOnToolsVersion = 8.2.1;
						DevelopmentTeam = UECYSF7WKH;
						ProvisioningStyle = Automatic;
					};
				};
			};
			buildConfigurationList = C281589D1EFBA338000B7EB3 /* Build configuration list for PBXProject "tabBarSideMenu" */;
			compatibilityVersion = "Xcode 3.2";
			developmentRegion = English;
			hasScannedForEncodings = 0;
			knownRegions = (
				en,
				Base,
			);
			mainGroup = C28158991EFBA338000B7EB3;
			productRefGroup = C28158A31EFBA338000B7EB3 /* Products */;
			projectDirPath = "";
			projectRoot = "";
			targets = (
				C28158A11EFBA338000B7EB3 /* tabBarSideMenu */,
			);
		};
/* End PBXProject section */

/* Begin PBXResourcesBuildPhase section */
		C28158A01EFBA338000B7EB3 /* Resources */ = {
			isa = PBXResourcesBuildPhase;
			buildActionMask = 2147483647;
			files = (
				C28158B21EFBA338000B7EB3 /* LaunchScreen.storyboard in Resources */,
				C28158AF1EFBA338000B7EB3 /* Assets.xcassets in Resources */,
				C28158AD1EFBA338000B7EB3 /* Main.storyboard in Resources */,
			);
			runOnlyForDeploymentPostprocessing = 0;
		};
/* End PBXResourcesBuildPhase section */

/* Begin PBXShellScriptBuildPhase section */
		604EF9D77D6D28880C422167 /* [CP] Check Pods Manifest.lock */ = {
			isa = PBXShellScriptBuildPhase;
			buildActionMask = 2147483647;
			files = (
			);
			inputPaths = (
			);
			name = "[CP] Check Pods Manifest.lock";
			outputPaths = (
			);
			runOnlyForDeploymentPostprocessing = 0;
			shellPath = /bin/sh;
			shellScript = "diff \"${PODS_ROOT}/../Podfile.lock\" \"${PODS_ROOT}/Manifest.lock\" > /dev/null\nif [ $? != 0 ] ; then\n    # print error to STDERR\n    echo \"error: The sandbox is not in sync with the Podfile.lock. Run 'pod install' or update your CocoaPods installation.\" >&2\n    exit 1\nfi\n";
			showEnvVarsInLog = 0;
		};
		8A3BC83DD813FE4377ED2C38 /* [CP] Embed Pods Frameworks */ = {
			isa = PBXShellScriptBuildPhase;
			buildActionMask = 2147483647;
			files = (
			);
			inputPaths = (
			);
			name = "[CP] Embed Pods Frameworks";
			outputPaths = (
			);
			runOnlyForDeploymentPostprocessing = 0;
			shellPath = /bin/sh;
			shellScript = "\"${SRCROOT}/Pods/Target Support Files/Pods-tabBarSideMenu/Pods-tabBarSideMenu-frameworks.sh\"\n";
			showEnvVarsInLog = 0;
		};
		973D7C038BAF55C0FD938B6E /* [CP] Copy Pods Resources */ = {
			isa = PBXShellScriptBuildPhase;
			buildActionMask = 2147483647;
			files = (
			);
			inputPaths = (
			);
			name = "[CP] Copy Pods Resources";
			outputPaths = (
			);
			runOnlyForDeploymentPostprocessing = 0;
			shellPath = /bin/sh;
			shellScript = "\"${SRCROOT}/Pods/Target Support Files/Pods-tabBarSideMenu/Pods-tabBarSideMenu-resources.sh\"\n";
			showEnvVarsInLog = 0;
		};
/* End PBXShellScriptBuildPhase section */

/* Begin PBXSourcesBuildPhase section */
		C281589E1EFBA338000B7EB3 /* Sources */ = {
			isa = PBXSourcesBuildPhase;
			buildActionMask = 2147483647;
			files = (
				C28158BC1EFBA855000B7EB3 /* HomeViewController.swift in Sources */,
				C28158AA1EFBA338000B7EB3 /* SecondViewController.swift in Sources */,
				C28158A61EFBA338000B7EB3 /* AppDelegate.swift in Sources */,
				C28158C71EFBE191000B7EB3 /* sub2_2VC.swift in Sources */,
				C28158C21EFBD82E000B7EB3 /* SubView2VC.swift in Sources */,
				C28158BA1EFBA494000B7EB3 /* sideMenuVC.swift in Sources */,
				C28158C51EFBE17F000B7EB3 /* sub2_1VC.swift in Sources */,
				C28158BE1EFBA9D5000B7EB3 /* TabBarViewController.swift in Sources */,
				C28158C01EFBD81B000B7EB3 /* SubView1VC.swift in Sources */,
				C28158A81EFBA338000B7EB3 /* FirstViewController.swift in Sources */,
			);
			runOnlyForDeploymentPostprocessing = 0;
		};
/* End PBXSourcesBuildPhase section */

/* Begin PBXVariantGroup section */
		C28158AB1EFBA338000B7EB3 /* Main.storyboard */ = {
			isa = PBXVariantGroup;
			children = (
				C28158AC1EFBA338000B7EB3 /* Base */,
			);
			name = Main.storyboard;
			sourceTree = "<group>";
		};
		C28158B01EFBA338000B7EB3 /* LaunchScreen.storyboard */ = {
			isa = PBXVariantGroup;
			children = (
				C28158B11EFBA338000B7EB3 /* Base */,
			);
			name = LaunchScreen.storyboard;
			sourceTree = "<group>";
		};
/* End PBXVariantGroup section */

/* Begin XCBuildConfiguration section */
		C28158B41EFBA338000B7EB3 /* Debug */ = {
			isa = XCBuildConfiguration;
			buildSettings = {
				ALWAYS_SEARCH_USER_PATHS = NO;
				CLANG_ANALYZER_NONNULL = YES;
				CLANG_CXX_LANGUAGE_STANDARD = "gnu++0x";
				CLANG_CXX_LIBRARY = "libc++";
				CLANG_ENABLE_MODULES = YES;
				CLANG_ENABLE_OBJC_ARC = YES;
				CLANG_WARN_BOOL_CONVERSION = YES;
				CLANG_WARN_CONSTANT_CONVERSION = YES;
				CLANG_WARN_DIRECT_OBJC_ISA_USAGE = YES_ERROR;
				CLANG_WARN_DOCUMENTATION_COMMENTS = YES;
				CLANG_WARN_EMPTY_BODY = YES;
				CLANG_WARN_ENUM_CONVERSION = YES;
				CLANG_WARN_INFINITE_RECURSION = YES;
				CLANG_WARN_INT_CONVERSION = YES;
				CLANG_WARN_OBJC_ROOT_CLASS = YES_ERROR;
				CLANG_WARN_SUSPICIOUS_MOVE = YES;
				CLANG_WARN_UNREACHABLE_CODE = YES;
				CLANG_WARN__DUPLICATE_METHOD_MATCH = YES;
				"CODE_SIGN_IDENTITY[sdk=iphoneos*]" = "iPhone Developer";
				COPY_PHASE_STRIP = NO;
				DEBUG_INFORMATION_FORMAT = dwarf;
				ENABLE_STRICT_OBJC_MSGSEND = YES;
				ENABLE_TESTABILITY = YES;
				GCC_C_LANGUAGE_STANDARD = gnu99;
				GCC_DYNAMIC_NO_PIC = NO;
				GCC_NO_COMMON_BLOCKS = YES;
				GCC_OPTIMIZATION_LEVEL = 0;
				GCC_PREPROCESSOR_DEFINITIONS = (
					"DEBUG=1",
					"$(inherited)",
				);
				GCC_WARN_64_TO_32_BIT_CONVERSION = YES;
				GCC_WARN_ABOUT_RETURN_TYPE = YES_ERROR;
				GCC_WARN_UNDECLARED_SELECTOR = YES;
				GCC_WARN_UNINITIALIZED_AUTOS = YES_AGGRESSIVE;
				GCC_WARN_UNUSED_FUNCTION = YES;
				GCC_WARN_UNUSED_VARIABLE = YES;
				IPHONEOS_DEPLOYMENT_TARGET = 10.2;
				MTL_ENABLE_DEBUG_INFO = YES;
				ONLY_ACTIVE_ARCH = YES;
				SDKROOT = iphoneos;
				SWIFT_ACTIVE_COMPILATION_CONDITIONS = DEBUG;
				SWIFT_OPTIMIZATION_LEVEL = "-Onone";
				TARGETED_DEVICE_FAMILY = "1,2";
			};
			name = Debug;
		};
		C28158B51EFBA338000B7EB3 /* Release */ = {
			isa = XCBuildConfiguration;
			buildSettings = {
				ALWAYS_SEARCH_USER_PATHS = NO;
				CLANG_ANALYZER_NONNULL = YES;
				CLANG_CXX_LANGUAGE_STANDARD = "gnu++0x";
				CLANG_CXX_LIBRARY = "libc++";
				CLANG_ENABLE_MODULES = YES;
				CLANG_ENABLE_OBJC_ARC = YES;
				CLANG_WARN_BOOL_CONVERSION = YES;
				CLANG_WARN_CONSTANT_CONVERSION = YES;
				CLANG_WARN_DIRECT_OBJC_ISA_USAGE = YES_ERROR;
				CLANG_WARN_DOCUMENTATION_COMMENTS = YES;
				CLANG_WARN_EMPTY_BODY = YES;
				CLANG_WARN_ENUM_CONVERSION = YES;
				CLANG_WARN_INFINITE_RECURSION = YES;
				CLANG_WARN_INT_CONVERSION = YES;
				CLANG_WARN_OBJC_ROOT_CLASS = YES_ERROR;
				CLANG_WARN_SUSPICIOUS_MOVE = YES;
				CLANG_WARN_UNREACHABLE_CODE = YES;
				CLANG_WARN__DUPLICATE_METHOD_MATCH = YES;
				"CODE_SIGN_IDENTITY[sdk=iphoneos*]" = "iPhone Developer";
				COPY_PHASE_STRIP = NO;
				DEBUG_INFORMATION_FORMAT = "dwarf-with-dsym";
				ENABLE_NS_ASSERTIONS = NO;
				ENABLE_STRICT_OBJC_MSGSEND = YES;
				GCC_C_LANGUAGE_STANDARD = gnu99;
				GCC_NO_COMMON_BLOCKS = YES;
				GCC_WARN_64_TO_32_BIT_CONVERSION = YES;
				GCC_WARN_ABOUT_RETURN_TYPE = YES_ERROR;
				GCC_WARN_UNDECLARED_SELECTOR = YES;
				GCC_WARN_UNINITIALIZED_AUTOS = YES_AGGRESSIVE;
				GCC_WARN_UNUSED_FUNCTION = YES;
				GCC_WARN_UNUSED_VARIABLE = YES;
				IPHONEOS_DEPLOYMENT_TARGET = 10.2;
				MTL_ENABLE_DEBUG_INFO = NO;
				SDKROOT = iphoneos;
				SWIFT_OPTIMIZATION_LEVEL = "-Owholemodule";
				TARGETED_DEVICE_FAMILY = "1,2";
				VALIDATE_PRODUCT = YES;
			};
			name = Release;
		};
		C28158B71EFBA338000B7EB3 /* Debug */ = {
			isa = XCBuildConfiguration;
			baseConfigurationReference = 9D9C65C299824B3450F58E9A /* Pods-tabBarSideMenu.debug.xcconfig */;
			buildSettings = {
				ASSETCATALOG_COMPILER_APPICON_NAME = AppIcon;
				DEVELOPMENT_TEAM = UECYSF7WKH;
				INFOPLIST_FILE = tabBarSideMenu/Info.plist;
				LD_RUNPATH_SEARCH_PATHS = "$(inherited) @executable_path/Frameworks";
				PRODUCT_BUNDLE_IDENTIFIER = com.ascratech.tabBarSideMenu;
				PRODUCT_NAME = "$(TARGET_NAME)";
				SWIFT_VERSION = 3.0;
			};
			name = Debug;
		};
		C28158B81EFBA338000B7EB3 /* Release */ = {
			isa = XCBuildConfiguration;
			baseConfigurationReference = B02D4A58FCB62AEC9E37000F /* Pods-tabBarSideMenu.release.xcconfig */;
			buildSettings = {
				ASSETCATALOG_COMPILER_APPICON_NAME = AppIcon;
				DEVELOPMENT_TEAM = UECYSF7WKH;
				INFOPLIST_FILE = tabBarSideMenu/Info.plist;
				LD_RUNPATH_SEARCH_PATHS = "$(inherited) @executable_path/Frameworks";
				PRODUCT_BUNDLE_IDENTIFIER = com.ascratech.tabBarSideMenu;
				PRODUCT_NAME = "$(TARGET_NAME)";
				SWIFT_VERSION = 3.0;
			};
			name = Release;
		};
/* End XCBuildConfiguration section */

/* Begin XCConfigurationList section */
		C281589D1EFBA338000B7EB3 /* Build configuration list for PBXProject "tabBarSideMenu" */ = {
			isa = XCConfigurationList;
			buildConfigurations = (
				C28158B41EFBA338000B7EB3 /* Debug */,
				C28158B51EFBA338000B7EB3 /* Release */,
			);
			defaultConfigurationIsVisible = 0;
			defaultConfigurationName = Release;
		};
		C28158B61EFBA338000B7EB3 /* Build configuration list for PBXNativeTarget "tabBarSideMenu" */ = {
			isa = XCConfigurationList;
			buildConfigurations = (
				C28158B71EFBA338000B7EB3 /* Debug */,
				C28158B81EFBA338000B7EB3 /* Release */,
			);
			defaultConfigurationIsVisible = 0;
			defaultConfigurationName = Release;
		};
/* End XCConfigurationList section */
	};
	rootObject = C281589A1EFBA338000B7EB3 /* Project object */;
}
